
Microsoft Visual Studio Solution File, Format Version 12.00
# Visual Studio Version 16
VisualStudioVersion = 16.0.30011.22
MinimumVisualStudioVersion = 10.0.40219.1
Project("{FAE04EC0-301F-11D3-BF4B-00C04F79EFBC}") = "Receive", "Receive\Receive.csproj", "{6017B956-64B0-4843-A26F-A989BD71668A}"
EndProject
Project("{FAE04EC0-301F-11D3-BF4B-00C04F79EFBC}") = "Send", "Send\Send.csproj", "{A18A2A8A-DA38-46D0-879F-C240F2BB63F5}"
EndProject
Global
	GlobalSection(SolutionConfigurationPlatforms) = preSolution
		Debug|Any CPU = Debug|Any CPU
		Release|Any CPU = Release|Any CPU
	EndGlobalSection
	GlobalSection(ProjectConfigurationPlatforms) = postSolution
		{6017B956-64B0-4843-A26F-A989BD71668A}.Debug|Any CPU.ActiveCfg = Debug|Any CPU
		{6017B956-64B0-4843-A26F-A989BD71668A}.Debug|Any CPU.Build.0 = Debug|Any CPU
		{6017B956-64B0-4843-A26F-A989BD71668A}.Release|Any CPU.ActiveCfg = Release|Any CPU
		{6017B956-64B0-4843-A26F-A989BD71668A}.Release|Any CPU.Build.0 = Release|Any CPU
		{A18A2A8A-DA38-46D0-879F-C240F2BB63F5}.Debug|Any CPU.ActiveCfg = Debug|Any CPU
		{A18A2A8A-DA38-46D0-879F-C240F2BB63F5}.Debug|Any CPU.Build.0 = Debug|Any CPU
		{A18A2A8A-DA38-46D0-879F-C240F2BB63F5}.Release|Any CPU.ActiveCfg = Release|Any CPU
		{A18A2A8A-DA38-46D0-879F-C240F2BB63F5}.Release|Any CPU.Build.0 = Release|Any CPU
	EndGlobalSection
	GlobalSection(SolutionProperties) = preSolution
		HideSolutionNode = FALSE
	EndGlobalSection
	GlobalSection(ExtensibilityGlobals) = postSolution
		SolutionGuid = {82EF0454-A370-4DD2-BD23-600445EBD5B3}
	EndGlobalSection
EndGlobal
